
Microsoft Visual Studio Solution File, Format Version 12.00
# Visual Studio Version 16
VisualStudioVersion = 16.0.29215.179
MinimumVisualStudioVersion = 10.0.40219.1
Project("{FAE04EC0-301F-11D3-BF4B-00C04F79EFBC}") = "ApiManager.Web", "ApiManager.Web\ApiManager.Web.csproj", "{94DDE1DF-F0F5-4E3C-82EE-15892F7B5423}"
EndProject
Project("{FAE04EC0-301F-11D3-BF4B-00C04F79EFBC}") = "ApiManager.Logic", "ApiManager.Logic\ApiManager.Logic.csproj", "{3D1AEC67-2C37-4A1F-9926-243810AA503A}"
EndProject
Project("{FAE04EC0-301F-11D3-BF4B-00C04F79EFBC}") = "ApiManager.LogicTests", "ApiManager.LogicTests\ApiManager.LogicTests.csproj", "{53A4E70E-86AB-445D-A157-50B777CA75F1}"
EndProject
Global
	GlobalSection(SolutionConfigurationPlatforms) = preSolution
		Debug|Any CPU = Debug|Any CPU
		Release|Any CPU = Release|Any CPU
	EndGlobalSection
	GlobalSection(ProjectConfigurationPlatforms) = postSolution
		{94DDE1DF-F0F5-4E3C-82EE-15892F7B5423}.Debug|Any CPU.ActiveCfg = Debug|Any CPU
		{94DDE1DF-F0F5-4E3C-82EE-15892F7B5423}.Debug|Any CPU.Build.0 = Debug|Any CPU
		{94DDE1DF-F0F5-4E3C-82EE-15892F7B5423}.Release|Any CPU.ActiveCfg = Release|Any CPU
		{94DDE1DF-F0F5-4E3C-82EE-15892F7B5423}.Release|Any CPU.Build.0 = Release|Any CPU
		{3D1AEC67-2C37-4A1F-9926-243810AA503A}.Debug|Any CPU.ActiveCfg = Debug|Any CPU
		{3D1AEC67-2C37-4A1F-9926-243810AA503A}.Debug|Any CPU.Build.0 = Debug|Any CPU
		{3D1AEC67-2C37-4A1F-9926-243810AA503A}.Release|Any CPU.ActiveCfg = Release|Any CPU
		{3D1AEC67-2C37-4A1F-9926-243810AA503A}.Release|Any CPU.Build.0 = Release|Any CPU
		{53A4E70E-86AB-445D-A157-50B777CA75F1}.Debug|Any CPU.ActiveCfg = Debug|Any CPU
		{53A4E70E-86AB-445D-A157-50B777CA75F1}.Debug|Any CPU.Build.0 = Debug|Any CPU
		{53A4E70E-86AB-445D-A157-50B777CA75F1}.Release|Any CPU.ActiveCfg = Release|Any CPU
		{53A4E70E-86AB-445D-A157-50B777CA75F1}.Release|Any CPU.Build.0 = Release|Any CPU
	EndGlobalSection
	GlobalSection(SolutionProperties) = preSolution
		HideSolutionNode = FALSE
	EndGlobalSection
	GlobalSection(ExtensibilityGlobals) = postSolution
		SolutionGuid = {6AFB7900-7545-4713-83D0-E9CE3B8322A6}
	EndGlobalSection
EndGlobal
